
Microsoft Visual Studio Solution File, Format Version 12.00
# Visual Studio Version 17
VisualStudioVersion = 17.0.31903.59
MinimumVisualStudioVersion = 10.0.40219.1
Project("{FAE04EC0-301F-11D3-BF4B-00C04F79EFBC}") = "Protohackers-MeansToAnEnd.Main", "Protohackers-MeansToAnEnd.Main\Protohackers-MeansToAnEnd.Main.csproj", "{018283C9-1448-4B19-8147-22A30710E67F}"
EndProject
Project("{FAE04EC0-301F-11D3-BF4B-00C04F79EFBC}") = "Protohackers-MeansToAnEnd.Tests", "Protohackers-MeansToAnEnd.Tests\Protohackers-MeansToAnEnd.Tests.csproj", "{D3E31BAC-CD63-4C85-B357-CDC806A93A1D}"
EndProject
Global
	GlobalSection(SolutionConfigurationPlatforms) = preSolution
		Debug|Any CPU = Debug|Any CPU
		Release|Any CPU = Release|Any CPU
	EndGlobalSection
	GlobalSection(SolutionProperties) = preSolution
		HideSolutionNode = FALSE
	EndGlobalSection
	GlobalSection(ProjectConfigurationPlatforms) = postSolution
		{018283C9-1448-4B19-8147-22A30710E67F}.Debug|Any CPU.ActiveCfg = Debug|Any CPU
		{018283C9-1448-4B19-8147-22A30710E67F}.Debug|Any CPU.Build.0 = Debug|Any CPU
		{018283C9-1448-4B19-8147-22A30710E67F}.Release|Any CPU.ActiveCfg = Release|Any CPU
		{018283C9-1448-4B19-8147-22A30710E67F}.Release|Any CPU.Build.0 = Release|Any CPU
		{84F69A54-C9B1-4A40-AE39-8096B9F16B27}.Debug|Any CPU.ActiveCfg = Debug|Any CPU
		{84F69A54-C9B1-4A40-AE39-8096B9F16B27}.Debug|Any CPU.Build.0 = Debug|Any CPU
		{84F69A54-C9B1-4A40-AE39-8096B9F16B27}.Release|Any CPU.ActiveCfg = Release|Any CPU
		{84F69A54-C9B1-4A40-AE39-8096B9F16B27}.Release|Any CPU.Build.0 = Release|Any CPU
		{D3E31BAC-CD63-4C85-B357-CDC806A93A1D}.Debug|Any CPU.ActiveCfg = Debug|Any CPU
		{D3E31BAC-CD63-4C85-B357-CDC806A93A1D}.Debug|Any CPU.Build.0 = Debug|Any CPU
		{D3E31BAC-CD63-4C85-B357-CDC806A93A1D}.Release|Any CPU.ActiveCfg = Release|Any CPU
		{D3E31BAC-CD63-4C85-B357-CDC806A93A1D}.Release|Any CPU.Build.0 = Release|Any CPU
	EndGlobalSection
EndGlobal
